// !$*UTF8*$!
{
	archiveVersion = 1;
	classes = {
	};
	objectVersion = 46;
	objects = {

/* Begin PBXBuildFile section */
		B11892021986C1F30043B622 /* Foundation.framework in Frameworks */ = {isa = PBXBuildFile; fileRef = B11892011986C1F30043B622 /* Foundation.framework */; };
		B11892041986C1F30043B622 /* CoreGraphics.framework in Frameworks */ = {isa = PBXBuildFile; fileRef = B11892031986C1F30043B622 /* CoreGraphics.framework */; };
		B11892061986C1F30043B622 /* UIKit.framework in Frameworks */ = {isa = PBXBuildFile; fileRef = B11892051986C1F30043B622 /* UIKit.framework */; };
		B118920C1986C1F30043B622 /* InfoPlist.strings in Resources */ = {isa = PBXBuildFile; fileRef = B118920A1986C1F30043B622 /* InfoPlist.strings */; };
		B118920E1986C1F30043B622 /* main.m in Sources */ = {isa = PBXBuildFile; fileRef = B118920D1986C1F30043B622 /* main.m */; };
		B11892121986C1F30043B622 /* AppDelegate.m in Sources */ = {isa = PBXBuildFile; fileRef = B11892111986C1F30043B622 /* AppDelegate.m */; };
		B11892151986C1F30043B622 /* Main.storyboard in Resources */ = {isa = PBXBuildFile; fileRef = B11892131986C1F30043B622 /* Main.storyboard */; };
		B11892181986C1F30043B622 /* ViewController.m in Sources */ = {isa = PBXBuildFile; fileRef = B11892171986C1F30043B622 /* ViewController.m */; };
		B118921A1986C1F30043B622 /* Images.xcassets in Resources */ = {isa = PBXBuildFile; fileRef = B11892191986C1F30043B622 /* Images.xcassets */; };
		B11892211986C1F30043B622 /* XCTest.framework in Frameworks */ = {isa = PBXBuildFile; fileRef = B11892201986C1F30043B622 /* XCTest.framework */; };
		B11892221986C1F30043B622 /* Foundation.framework in Frameworks */ = {isa = PBXBuildFile; fileRef = B11892011986C1F30043B622 /* Foundation.framework */; };
		B11892231986C1F30043B622 /* UIKit.framework in Frameworks */ = {isa = PBXBuildFile; fileRef = B11892051986C1F30043B622 /* UIKit.framework */; };
		B118922B1986C1F30043B622 /* InfoPlist.strings in Resources */ = {isa = PBXBuildFile; fileRef = B11892291986C1F30043B622 /* InfoPlist.strings */; };
		B118922D1986C1F30043B622 /* DeprocrastinatorTests.m in Sources */ = {isa = PBXBuildFile; fileRef = B118922C1986C1F30043B622 /* DeprocrastinatorTests.m */; };
		B11892371986C21C0043B622 /* CheckMate.framework in Frameworks */ = {isa = PBXBuildFile; fileRef = B11892361986C21C0043B622 /* CheckMate.framework */; };
/* End PBXBuildFile section */

/* Begin PBXContainerItemProxy section */
		B11892241986C1F30043B622 /* PBXContainerItemProxy */ = {
			isa = PBXContainerItemProxy;
			containerPortal = B11891F61986C1F30043B622 /* Project object */;
			proxyType = 1;
			remoteGlobalIDString = B11891FD1986C1F30043B622;
			remoteInfo = Deprocrastinator;
		};
/* End PBXContainerItemProxy section */

/* Begin PBXFileReference section */
		B11891FE1986C1F30043B622 /* Deprocrastinator.app */ = {isa = PBXFileReference; explicitFileType = wrapper.application; includeInIndex = 0; path = Deprocrastinator.app; sourceTree = BUILT_PRODUCTS_DIR; };
		B11892011986C1F30043B622 /* Foundation.framework */ = {isa = PBXFileReference; lastKnownFileType = wrapper.framework; name = Foundation.framework; path = System/Library/Frameworks/Foundation.framework; sourceTree = SDKROOT; };
		B11892031986C1F30043B622 /* CoreGraphics.framework */ = {isa = PBXFileReference; lastKnownFileType = wrapper.framework; name = CoreGraphics.framework; path = System/Library/Frameworks/CoreGraphics.framework; sourceTree = SDKROOT; };
		B11892051986C1F30043B622 /* UIKit.framework */ = {isa = PBXFileReference; lastKnownFileType = wrapper.framework; name = UIKit.framework; path = System/Library/Frameworks/UIKit.framework; sourceTree = SDKROOT; };
		B11892091986C1F30043B622 /* Deprocrastinator-Info.plist */ = {isa = PBXFileReference; lastKnownFileType = text.plist.xml; path = "Deprocrastinator-Info.plist"; sourceTree = "<group>"; };
		B118920B1986C1F30043B622 /* en */ = {isa = PBXFileReference; lastKnownFileType = text.plist.strings; name = en; path = en.lproj/InfoPlist.strings; sourceTree = "<group>"; };
		B118920D1986C1F30043B622 /* main.m */ = {isa = PBXFileReference; lastKnownFileType = sourcecode.c.objc; path = main.m; sourceTree = "<group>"; };
		B118920F1986C1F30043B622 /* Deprocrastinator-Prefix.pch */ = {isa = PBXFileReference; lastKnownFileType = sourcecode.c.h; path = "Deprocrastinator-Prefix.pch"; sourceTree = "<group>"; };
		B11892101986C1F30043B622 /* AppDelegate.h */ = {isa = PBXFileReference; lastKnownFileType = sourcecode.c.h; path = AppDelegate.h; sourceTree = "<group>"; };
		B11892111986C1F30043B622 /* AppDelegate.m */ = {isa = PBXFileReference; lastKnownFileType = sourcecode.c.objc; path = AppDelegate.m; sourceTree = "<group>"; };
		B11892141986C1F30043B622 /* Base */ = {isa = PBXFileReference; lastKnownFileType = file.storyboard; name = Base; path = Base.lproj/Main.storyboard; sourceTree = "<group>"; };
		B11892161986C1F30043B622 /* ViewController.h */ = {isa = PBXFileReference; lastKnownFileType = sourcecode.c.h; path = ViewController.h; sourceTree = "<group>"; };
		B11892171986C1F30043B622 /* ViewController.m */ = {isa = PBXFileReference; lastKnownFileType = sourcecode.c.objc; path = ViewController.m; sourceTree = "<group>"; };
		B11892191986C1F30043B622 /* Images.xcassets */ = {isa = PBXFileReference; lastKnownFileType = folder.assetcatalog; path = Images.xcassets; sourceTree = "<group>"; };
		B118921F1986C1F30043B622 /* DeprocrastinatorTests.xctest */ = {isa = PBXFileReference; explicitFileType = wrapper.cfbundle; includeInIndex = 0; path = DeprocrastinatorTests.xctest; sourceTree = BUILT_PRODUCTS_DIR; };
		B11892201986C1F30043B622 /* XCTest.framework */ = {isa = PBXFileReference; lastKnownFileType = wrapper.framework; name = XCTest.framework; path = Library/Frameworks/XCTest.framework; sourceTree = DEVELOPER_DIR; };
		B11892281986C1F30043B622 /* DeprocrastinatorTests-Info.plist */ = {isa = PBXFileReference; lastKnownFileType = text.plist.xml; path = "DeprocrastinatorTests-Info.plist"; sourceTree = "<group>"; };
		B118922A1986C1F30043B622 /* en */ = {isa = PBXFileReference; lastKnownFileType = text.plist.strings; name = en; path = en.lproj/InfoPlist.strings; sourceTree = "<group>"; };
		B118922C1986C1F30043B622 /* DeprocrastinatorTests.m */ = {isa = PBXFileReference; lastKnownFileType = sourcecode.c.objc; path = DeprocrastinatorTests.m; sourceTree = "<group>"; };
		B11892361986C21C0043B622 /* CheckMate.framework */ = {isa = PBXFileReference; lastKnownFileType = wrapper.framework; path = CheckMate.framework; sourceTree = "<group>"; };
/* End PBXFileReference section */

/* Begin PBXFrameworksBuildPhase section */
		B11891FB1986C1F30043B622 /* Frameworks */ = {
			isa = PBXFrameworksBuildPhase;
			buildActionMask = 2147483647;
			files = (
				B11892371986C21C0043B622 /* CheckMate.framework in Frameworks */,
				B11892041986C1F30043B622 /* CoreGraphics.framework in Frameworks */,
				B11892061986C1F30043B622 /* UIKit.framework in Frameworks */,
				B11892021986C1F30043B622 /* Foundation.framework in Frameworks */,
			);
			runOnlyForDeploymentPostprocessing = 0;
		};
		B118921C1986C1F30043B622 /* Frameworks */ = {
			isa = PBXFrameworksBuildPhase;
			buildActionMask = 2147483647;
			files = (
				B11892211986C1F30043B622 /* XCTest.framework in Frameworks */,
				B11892231986C1F30043B622 /* UIKit.framework in Frameworks */,
				B11892221986C1F30043B622 /* Foundation.framework in Frameworks */,
			);
			runOnlyForDeploymentPostprocessing = 0;
		};
/* End PBXFrameworksBuildPhase section */

/* Begin PBXGroup section */
		B11891F51986C1F30043B622 = {
			isa = PBXGroup;
			children = (
				B11892071986C1F30043B622 /* Deprocrastinator */,
				B11892261986C1F30043B622 /* DeprocrastinatorTests */,
				B11892001986C1F30043B622 /* Frameworks */,
				B11891FF1986C1F30043B622 /* Products */,
			);
			sourceTree = "<group>";
		};
		B11891FF1986C1F30043B622 /* Products */ = {
			isa = PBXGroup;
			children = (
				B11891FE1986C1F30043B622 /* Deprocrastinator.app */,
				B118921F1986C1F30043B622 /* DeprocrastinatorTests.xctest */,
			);
			name = Products;
			sourceTree = "<group>";
		};
		B11892001986C1F30043B622 /* Frameworks */ = {
			isa = PBXGroup;
			children = (
				B11892361986C21C0043B622 /* CheckMate.framework */,
				B11892011986C1F30043B622 /* Foundation.framework */,
				B11892031986C1F30043B622 /* CoreGraphics.framework */,
				B11892051986C1F30043B622 /* UIKit.framework */,
				B11892201986C1F30043B622 /* XCTest.framework */,
			);
			name = Frameworks;
			sourceTree = "<group>";
		};
		B11892071986C1F30043B622 /* Deprocrastinator */ = {
			isa = PBXGroup;
			children = (
				B11892101986C1F30043B622 /* AppDelegate.h */,
				B11892111986C1F30043B622 /* AppDelegate.m */,
				B11892131986C1F30043B622 /* Main.storyboard */,
				B11892161986C1F30043B622 /* ViewController.h */,
				B11892171986C1F30043B622 /* ViewController.m */,
				B11892191986C1F30043B622 /* Images.xcassets */,
				B11892081986C1F30043B622 /* Supporting Files */,
			);
			path = Deprocrastinator;
			sourceTree = "<group>";
		};
		B11892081986C1F30043B622 /* Supporting Files */ = {
			isa = PBXGroup;
			children = (
				B11892091986C1F30043B622 /* Deprocrastinator-Info.plist */,
				B118920A1986C1F30043B622 /* InfoPlist.strings */,
				B118920D1986C1F30043B622 /* main.m */,
				B118920F1986C1F30043B622 /* Deprocrastinator-Prefix.pch */,
			);
			name = "Supporting Files";
			sourceTree = "<group>";
		};
		B11892261986C1F30043B622 /* DeprocrastinatorTests */ = {
			isa = PBXGroup;
			children = (
				B118922C1986C1F30043B622 /* DeprocrastinatorTests.m */,
				B11892271986C1F30043B622 /* Supporting Files */,
			);
			path = DeprocrastinatorTests;
			sourceTree = "<group>";
		};
		B11892271986C1F30043B622 /* Supporting Files */ = {
			isa = PBXGroup;
			children = (
				B11892281986C1F30043B622 /* DeprocrastinatorTests-Info.plist */,
				B11892291986C1F30043B622 /* InfoPlist.strings */,
			);
			name = "Supporting Files";
			sourceTree = "<group>";
		};
/* End PBXGroup section */

/* Begin PBXNativeTarget section */
		B11891FD1986C1F30043B622 /* Deprocrastinator */ = {
			isa = PBXNativeTarget;
			buildConfigurationList = B11892301986C1F30043B622 /* Build configuration list for PBXNativeTarget "Deprocrastinator" */;
			buildPhases = (
				B11891FA1986C1F30043B622 /* Sources */,
				B11891FB1986C1F30043B622 /* Frameworks */,
				B11891FC1986C1F30043B622 /* Resources */,
			);
			buildRules = (
			);
			dependencies = (
			);
			name = Deprocrastinator;
			productName = Deprocrastinator;
			productReference = B11891FE1986C1F30043B622 /* Deprocrastinator.app */;
			productType = "com.apple.product-type.application";
		};
		B118921E1986C1F30043B622 /* DeprocrastinatorTests */ = {
			isa = PBXNativeTarget;
			buildConfigurationList = B11892331986C1F30043B622 /* Build configuration list for PBXNativeTarget "DeprocrastinatorTests" */;
			buildPhases = (
				B118921B1986C1F30043B622 /* Sources */,
				B118921C1986C1F30043B622 /* Frameworks */,
				B118921D1986C1F30043B622 /* Resources */,
			);
			buildRules = (
			);
			dependencies = (
				B11892251986C1F30043B622 /* PBXTargetDependency */,
			);
			name = DeprocrastinatorTests;
			productName = DeprocrastinatorTests;
			productReference = B118921F1986C1F30043B622 /* DeprocrastinatorTests.xctest */;
			productType = "com.apple.product-type.bundle.unit-test";
		};
/* End PBXNativeTarget section */

/* Begin PBXProject section */
		B11891F61986C1F30043B622 /* Project object */ = {
			isa = PBXProject;
			attributes = {
				LastUpgradeCheck = 0510;
				ORGANIZATIONNAME = "Chris Snyder";
				TargetAttributes = {
					B118921E1986C1F30043B622 = {
						TestTargetID = B11891FD1986C1F30043B622;
					};
				};
			};
			buildConfigurationList = B11891F91986C1F30043B622 /* Build configuration list for PBXProject "Deprocrastinator" */;
			compatibilityVersion = "Xcode 3.2";
			developmentRegion = English;
			hasScannedForEncodings = 0;
			knownRegions = (
				en,
				Base,
			);
			mainGroup = B11891F51986C1F30043B622;
			productRefGroup = B11891FF1986C1F30043B622 /* Products */;
			projectDirPath = "";
			projectRoot = "";
			targets = (
				B11891FD1986C1F30043B622 /* Deprocrastinator */,
				B118921E1986C1F30043B622 /* DeprocrastinatorTests */,
			);
		};
/* End PBXProject section */

/* Begin PBXResourcesBuildPhase section */
		B11891FC1986C1F30043B622 /* Resources */ = {
			isa = PBXResourcesBuildPhase;
			buildActionMask = 2147483647;
			files = (
				B118921A1986C1F30043B622 /* Images.xcassets in Resources */,
				B118920C1986C1F30043B622 /* InfoPlist.strings in Resources */,
				B11892151986C1F30043B622 /* Main.storyboard in Resources */,
			);
			runOnlyForDeploymentPostprocessing = 0;
		};
		B118921D1986C1F30043B622 /* Resources */ = {
			isa = PBXResourcesBuildPhase;
			buildActionMask = 2147483647;
			files = (
				B118922B1986C1F30043B622 /* InfoPlist.strings in Resources */,
			);
			runOnlyForDeploymentPostprocessing = 0;
		};
/* End PBXResourcesBuildPhase section */

/* Begin PBXSourcesBuildPhase section */
		B11891FA1986C1F30043B622 /* Sources */ = {
			isa = PBXSourcesBuildPhase;
			buildActionMask = 2147483647;
			files = (
				B11892181986C1F30043B622 /* ViewController.m in Sources */,
				B11892121986C1F30043B622 /* AppDelegate.m in Sources */,
				B118920E1986C1F30043B622 /* main.m in Sources */,
			);
			runOnlyForDeploymentPostprocessing = 0;
		};
		B118921B1986C1F30043B622 /* Sources */ = {
			isa = PBXSourcesBuildPhase;
			buildActionMask = 2147483647;
			files = (
				B118922D1986C1F30043B622 /* DeprocrastinatorTests.m in Sources */,
			);
			runOnlyForDeploymentPostprocessing = 0;
		};
/* End PBXSourcesBuildPhase section */

/* Begin PBXTargetDependency section */
		B11892251986C1F30043B622 /* PBXTargetDependency */ = {
			isa = PBXTargetDependency;
			target = B11891FD1986C1F30043B622 /* Deprocrastinator */;
			targetProxy = B11892241986C1F30043B622 /* PBXContainerItemProxy */;
		};
/* End PBXTargetDependency section */

/* Begin PBXVariantGroup section */
		B118920A1986C1F30043B622 /* InfoPlist.strings */ = {
			isa = PBXVariantGroup;
			children = (
				B118920B1986C1F30043B622 /* en */,
			);
			name = InfoPlist.strings;
			sourceTree = "<group>";
		};
		B11892131986C1F30043B622 /* Main.storyboard */ = {
			isa = PBXVariantGroup;
			children = (
				B11892141986C1F30043B622 /* Base */,
			);
			name = Main.storyboard;
			sourceTree = "<group>";
		};
		B11892291986C1F30043B622 /* InfoPlist.strings */ = {
			isa = PBXVariantGroup;
			children = (
				B118922A1986C1F30043B622 /* en */,
			);
			name = InfoPlist.strings;
			sourceTree = "<group>";
		};
/* End PBXVariantGroup section */

/* Begin XCBuildConfiguration section */
		B118922E1986C1F30043B622 /* Debug */ = {
			isa = XCBuildConfiguration;
			buildSettings = {
				ALWAYS_SEARCH_USER_PATHS = NO;
				CLANG_CXX_LANGUAGE_STANDARD = "gnu++0x";
				CLANG_CXX_LIBRARY = "libc++";
				CLANG_ENABLE_MODULES = YES;
				CLANG_ENABLE_OBJC_ARC = YES;
				CLANG_WARN_BOOL_CONVERSION = YES;
				CLANG_WARN_CONSTANT_CONVERSION = YES;
				CLANG_WARN_DIRECT_OBJC_ISA_USAGE = YES_ERROR;
				CLANG_WARN_EMPTY_BODY = YES;
				CLANG_WARN_ENUM_CONVERSION = YES;
				CLANG_WARN_INT_CONVERSION = YES;
				CLANG_WARN_OBJC_ROOT_CLASS = YES_ERROR;
				CLANG_WARN__DUPLICATE_METHOD_MATCH = YES;
				"CODE_SIGN_IDENTITY[sdk=iphoneos*]" = "iPhone Developer";
				COPY_PHASE_STRIP = NO;
				GCC_C_LANGUAGE_STANDARD = gnu99;
				GCC_DYNAMIC_NO_PIC = NO;
				GCC_OPTIMIZATION_LEVEL = 0;
				GCC_PREPROCESSOR_DEFINITIONS = (
					"DEBUG=1",
					"$(inherited)",
				);
				GCC_SYMBOLS_PRIVATE_EXTERN = NO;
				GCC_WARN_64_TO_32_BIT_CONVERSION = YES;
				GCC_WARN_ABOUT_RETURN_TYPE = YES_ERROR;
				GCC_WARN_UNDECLARED_SELECTOR = YES;
				GCC_WARN_UNINITIALIZED_AUTOS = YES_AGGRESSIVE;
				GCC_WARN_UNUSED_FUNCTION = YES;
				GCC_WARN_UNUSED_VARIABLE = YES;
				IPHONEOS_DEPLOYMENT_TARGET = 7.1;
				ONLY_ACTIVE_ARCH = YES;
				SDKROOT = iphoneos;
			};
			name = Debug;
		};
		B118922F1986C1F30043B622 /* Release */ = {
			isa = XCBuildConfiguration;
			buildSettings = {
				ALWAYS_SEARCH_USER_PATHS = NO;
				CLANG_CXX_LANGUAGE_STANDARD = "gnu++0x";
				CLANG_CXX_LIBRARY = "libc++";
				CLANG_ENABLE_MODULES = YES;
				CLANG_ENABLE_OBJC_ARC = YES;
				CLANG_WARN_BOOL_CONVERSION = YES;
				CLANG_WARN_CONSTANT_CONVERSION = YES;
				CLANG_WARN_DIRECT_OBJC_ISA_USAGE = YES_ERROR;
				CLANG_WARN_EMPTY_BODY = YES;
				CLANG_WARN_ENUM_CONVERSION = YES;
				CLANG_WARN_INT_CONVERSION = YES;
				CLANG_WARN_OBJC_ROOT_CLASS = YES_ERROR;
				CLANG_WARN__DUPLICATE_METHOD_MATCH = YES;
				"CODE_SIGN_IDENTITY[sdk=iphoneos*]" = "iPhone Developer";
				COPY_PHASE_STRIP = YES;
				ENABLE_NS_ASSERTIONS = NO;
				GCC_C_LANGUAGE_STANDARD = gnu99;
				GCC_WARN_64_TO_32_BIT_CONVERSION = YES;
				GCC_WARN_ABOUT_RETURN_TYPE = YES_ERROR;
				GCC_WARN_UNDECLARED_SELECTOR = YES;
				GCC_WARN_UNINITIALIZED_AUTOS = YES_AGGRESSIVE;
				GCC_WARN_UNUSED_FUNCTION = YES;
				GCC_WARN_UNUSED_VARIABLE = YES;
				IPHONEOS_DEPLOYMENT_TARGET = 7.1;
				SDKROOT = iphoneos;
				VALIDATE_PRODUCT = YES;
			};
			name = Release;
		};
		B11892311986C1F30043B622 /* Debug */ = {
			isa = XCBuildConfiguration;
			buildSettings = {
				ASSETCATALOG_COMPILER_APPICON_NAME = AppIcon;
				ASSETCATALOG_COMPILER_LAUNCHIMAGE_NAME = LaunchImage;
				FRAMEWORK_SEARCH_PATHS = (
					"$(inherited)",
					"$(PROJECT_DIR)",
				);
				GCC_PRECOMPILE_PREFIX_HEADER = YES;
				GCC_PREFIX_HEADER = "Deprocrastinator/Deprocrastinator-Prefix.pch";
				INFOPLIST_FILE = "Deprocrastinator/Deprocrastinator-Info.plist";
				PRODUCT_NAME = "$(TARGET_NAME)";
				WRAPPER_EXTENSION = app;
			};
			name = Debug;
		};
		B11892321986C1F30043B622 /* Release */ = {
			isa = XCBuildConfiguration;
			buildSettings = {
				ASSETCATALOG_COMPILER_APPICON_NAME = AppIcon;
				ASSETCATALOG_COMPILER_LAUNCHIMAGE_NAME = LaunchImage;
				FRAMEWORK_SEARCH_PATHS = (
					"$(inherited)",
					"$(PROJECT_DIR)",
				);
				GCC_PRECOMPILE_PREFIX_HEADER = YES;
				GCC_PREFIX_HEADER = "Deprocrastinator/Deprocrastinator-Prefix.pch";
				INFOPLIST_FILE = "Deprocrastinator/Deprocrastinator-Info.plist";
				PRODUCT_NAME = "$(TARGET_NAME)";
				WRAPPER_EXTENSION = app;
			};
			name = Release;
		};
		B11892341986C1F30043B622 /* Debug */ = {
			isa = XCBuildConfiguration;
			buildSettings = {
				BUNDLE_LOADER = "$(BUILT_PRODUCTS_DIR)/Deprocrastinator.app/Deprocrastinator";
				FRAMEWORK_SEARCH_PATHS = (
					"$(SDKROOT)/Developer/Library/Frameworks",
					"$(inherited)",
					"$(DEVELOPER_FRAMEWORKS_DIR)",
				);
				GCC_PRECOMPILE_PREFIX_HEADER = YES;
				GCC_PREFIX_HEADER = "Deprocrastinator/Deprocrastinator-Prefix.pch";
				GCC_PREPROCESSOR_DEFINITIONS = (
					"DEBUG=1",
					"$(inherited)",
				);
				INFOPLIST_FILE = "DeprocrastinatorTests/DeprocrastinatorTests-Info.plist";
				PRODUCT_NAME = "$(TARGET_NAME)";
				TEST_HOST = "$(BUNDLE_LOADER)";
				WRAPPER_EXTENSION = xctest;
			};
			name = Debug;
		};
		B11892351986C1F30043B622 /* Release */ = {
			isa = XCBuildConfiguration;
			buildSettings = {
				BUNDLE_LOADER = "$(BUILT_PRODUCTS_DIR)/Deprocrastinator.app/Deprocrastinator";
				FRAMEWORK_SEARCH_PATHS = (
					"$(SDKROOT)/Developer/Library/Frameworks",
					"$(inherited)",
					"$(DEVELOPER_FRAMEWORKS_DIR)",
				);
				GCC_PRECOMPILE_PREFIX_HEADER = YES;
				GCC_PREFIX_HEADER = "Deprocrastinator/Deprocrastinator-Prefix.pch";
				INFOPLIST_FILE = "DeprocrastinatorTests/DeprocrastinatorTests-Info.plist";
				PRODUCT_NAME = "$(TARGET_NAME)";
				TEST_HOST = "$(BUNDLE_LOADER)";
				WRAPPER_EXTENSION = xctest;
			};
			name = Release;
		};
/* End XCBuildConfiguration section */

/* Begin XCConfigurationList section */
		B11891F91986C1F30043B622 /* Build configuration list for PBXProject "Deprocrastinator" */ = {
			isa = XCConfigurationList;
			buildConfigurations = (
				B118922E1986C1F30043B622 /* Debug */,
				B118922F1986C1F30043B622 /* Release */,
			);
			defaultConfigurationIsVisible = 0;
			defaultConfigurationName = Release;
		};
		B11892301986C1F30043B622 /* Build configuration list for PBXNativeTarget "Deprocrastinator" */ = {
			isa = XCConfigurationList;
			buildConfigurations = (
				B11892311986C1F30043B622 /* Debug */,
				B11892321986C1F30043B622 /* Release */,
			);
			defaultConfigurationIsVisible = 0;
		};
		B11892331986C1F30043B622 /* Build configuration list for PBXNativeTarget "DeprocrastinatorTests" */ = {
			isa = XCConfigurationList;
			buildConfigurations = (
				B11892341986C1F30043B622 /* Debug */,
				B11892351986C1F30043B622 /* Release */,
			);
			defaultConfigurationIsVisible = 0;
		};
/* End XCConfigurationList section */
	};
	rootObject = B11891F61986C1F30043B622 /* Project object */;
}
